// !$*UTF8*$!
{
	archiveVersion = 1;
	classes = {
	};
	objectVersion = 56;
	objects = {

/* Begin PBXBuildFile section */
		DC98E13729C7482F0050877C /* CardView.swift in Sources */ = {isa = PBXBuildFile; fileRef = DC98E13629C7482F0050877C /* CardView.swift */; };
		DC98E13A29C748830050877C /* CoinModel.swift in Sources */ = {isa = PBXBuildFile; fileRef = DC98E13929C748830050877C /* CoinModel.swift */; };
		DC98E13D29C7492E0050877C /* DeveloperPreview.swift in Sources */ = {isa = PBXBuildFile; fileRef = DC98E13C29C7492E0050877C /* DeveloperPreview.swift */; };
		DC98E14129C83F530050877C /* NetworkingManager.swift in Sources */ = {isa = PBXBuildFile; fileRef = DC98E14029C83F530050877C /* NetworkingManager.swift */; };
		DC98E16329CB53FC0050877C /* CoinDataService.swift in Sources */ = {isa = PBXBuildFile; fileRef = DC98E16229CB53FC0050877C /* CoinDataService.swift */; };
		DC98E16529CB54530050877C /* LocalFileManager.swift in Sources */ = {isa = PBXBuildFile; fileRef = DC98E16429CB54530050877C /* LocalFileManager.swift */; };
		DC98E16929CC543B0050877C /* CardViewModel.swift in Sources */ = {isa = PBXBuildFile; fileRef = DC98E16829CC543B0050877C /* CardViewModel.swift */; };
		DC98E16B29CF3A060050877C /* Color.swift in Sources */ = {isa = PBXBuildFile; fileRef = DC98E16A29CF3A060050877C /* Color.swift */; };
		DC98E16D29D0A50B0050877C /* HomeView.swift in Sources */ = {isa = PBXBuildFile; fileRef = DC98E16C29D0A50B0050877C /* HomeView.swift */; };
		DC98E17129D0AB030050877C /* CircleButtonView.swift in Sources */ = {isa = PBXBuildFile; fileRef = DC98E17029D0AB030050877C /* CircleButtonView.swift */; };
		DC98E17329D187B80050877C /* CircleButtonAnimation.swift in Sources */ = {isa = PBXBuildFile; fileRef = DC98E17229D187B80050877C /* CircleButtonAnimation.swift */; };
		DC98E17629D18D120050877C /* coin.json in Resources */ = {isa = PBXBuildFile; fileRef = DC98E17529D18D120050877C /* coin.json */; };
		DC98E17929D18D620050877C /* Lottie in Frameworks */ = {isa = PBXBuildFile; productRef = DC98E17829D18D620050877C /* Lottie */; };
		DC98E17B29D18E260050877C /* LottieView.swift in Sources */ = {isa = PBXBuildFile; fileRef = DC98E17A29D18E260050877C /* LottieView.swift */; };
		DC98E17D29D2FA070050877C /* add.json in Resources */ = {isa = PBXBuildFile; fileRef = DC98E17C29D2FA070050877C /* add.json */; };
		DC98E17F29D42EB60050877C /* Double.swift in Sources */ = {isa = PBXBuildFile; fileRef = DC98E17E29D42EB60050877C /* Double.swift */; };
		DC98E18129D5ADAF0050877C /* CoinRowView.swift in Sources */ = {isa = PBXBuildFile; fileRef = DC98E18029D5ADAF0050877C /* CoinRowView.swift */; };
		DCC311FE29C6079C00E23278 /* CryptoApp.swift in Sources */ = {isa = PBXBuildFile; fileRef = DCC311FD29C6079C00E23278 /* CryptoApp.swift */; };
		DCC3120229C6079F00E23278 /* Assets.xcassets in Resources */ = {isa = PBXBuildFile; fileRef = DCC3120129C6079F00E23278 /* Assets.xcassets */; };
		DCC3120529C6079F00E23278 /* Preview Assets.xcassets in Resources */ = {isa = PBXBuildFile; fileRef = DCC3120429C6079F00E23278 /* Preview Assets.xcassets */; };
		DCE8337B29DC855F00E7FB28 /* HomeViewModel.swift in Sources */ = {isa = PBXBuildFile; fileRef = DCE8337A29DC855F00E7FB28 /* HomeViewModel.swift */; };
		DCE8337D29E4653700E7FB28 /* CoinImageView.swift in Sources */ = {isa = PBXBuildFile; fileRef = DCE8337C29E4653700E7FB28 /* CoinImageView.swift */; };
		DCE8337F29E4745B00E7FB28 /* CoinImageService.swift in Sources */ = {isa = PBXBuildFile; fileRef = DCE8337E29E4745B00E7FB28 /* CoinImageService.swift */; };
		DCE8338129E676F700E7FB28 /* CoinImageViewModel.swift in Sources */ = {isa = PBXBuildFile; fileRef = DCE8338029E676F700E7FB28 /* CoinImageViewModel.swift */; };
		DCE8338329FBA57A00E7FB28 /* dancing-burger.json in Resources */ = {isa = PBXBuildFile; fileRef = DCE8338229FBA57A00E7FB28 /* dancing-burger.json */; };
		DCE8338529FBB97C00E7FB28 /* StatisticCardView.swift in Sources */ = {isa = PBXBuildFile; fileRef = DCE8338429FBB97C00E7FB28 /* StatisticCardView.swift */; };
		DCE833872A04E94F00E7FB28 /* WalletCardViewModel.swift in Sources */ = {isa = PBXBuildFile; fileRef = DCE833862A04E94F00E7FB28 /* WalletCardViewModel.swift */; };
		DCE833892A069E9800E7FB28 /* StatisticView.swift in Sources */ = {isa = PBXBuildFile; fileRef = DCE833882A069E9800E7FB28 /* StatisticView.swift */; };
		DCE8338B2A069EE400E7FB28 /* StatisticModel.swift in Sources */ = {isa = PBXBuildFile; fileRef = DCE8338A2A069EE400E7FB28 /* StatisticModel.swift */; };
		DCFD15082A1780C40004661C /* RiveRuntime in Frameworks */ = {isa = PBXBuildFile; productRef = DCFD15072A1780C40004661C /* RiveRuntime */; };
		DCFD152D2A1B68AF0004661C /* card-slider.riv in Resources */ = {isa = PBXBuildFile; fileRef = DCFD152C2A1B68AF0004661C /* card-slider.riv */; };
		DCFD152F2A1B6AB50004661C /* MarketDataService.swift in Sources */ = {isa = PBXBuildFile; fileRef = DCFD152E2A1B6AB50004661C /* MarketDataService.swift */; };
		DCFD15312A1B6B720004661C /* MarketDataModel.swift in Sources */ = {isa = PBXBuildFile; fileRef = DCFD15302A1B6B720004661C /* MarketDataModel.swift */; };
		DCFD15332A1CAC830004661C /* SearchBarView.swift in Sources */ = {isa = PBXBuildFile; fileRef = DCFD15322A1CAC830004661C /* SearchBarView.swift */; };
		DCFD15352A1FBF3B0004661C /* UIApplication.swift in Sources */ = {isa = PBXBuildFile; fileRef = DCFD15342A1FBF3B0004661C /* UIApplication.swift */; };
		DCFD15372A2261AB0004661C /* PortfolioView.swift in Sources */ = {isa = PBXBuildFile; fileRef = DCFD15362A2261AB0004661C /* PortfolioView.swift */; };
/* End PBXBuildFile section */

/* Begin PBXFileReference section */
		DC98E13629C7482F0050877C /* CardView.swift */ = {isa = PBXFileReference; lastKnownFileType = sourcecode.swift; path = CardView.swift; sourceTree = "<group>"; };
		DC98E13929C748830050877C /* CoinModel.swift */ = {isa = PBXFileReference; lastKnownFileType = sourcecode.swift; path = CoinModel.swift; sourceTree = "<group>"; };
		DC98E13C29C7492E0050877C /* DeveloperPreview.swift */ = {isa = PBXFileReference; lastKnownFileType = sourcecode.swift; path = DeveloperPreview.swift; sourceTree = "<group>"; };
		DC98E14029C83F530050877C /* NetworkingManager.swift */ = {isa = PBXFileReference; lastKnownFileType = sourcecode.swift; path = NetworkingManager.swift; sourceTree = "<group>"; };
		DC98E16229CB53FC0050877C /* CoinDataService.swift */ = {isa = PBXFileReference; lastKnownFileType = sourcecode.swift; path = CoinDataService.swift; sourceTree = "<group>"; };
		DC98E16429CB54530050877C /* LocalFileManager.swift */ = {isa = PBXFileReference; lastKnownFileType = sourcecode.swift; path = LocalFileManager.swift; sourceTree = "<group>"; };
		DC98E16829CC543B0050877C /* CardViewModel.swift */ = {isa = PBXFileReference; lastKnownFileType = sourcecode.swift; path = CardViewModel.swift; sourceTree = "<group>"; };
		DC98E16A29CF3A060050877C /* Color.swift */ = {isa = PBXFileReference; lastKnownFileType = sourcecode.swift; path = Color.swift; sourceTree = "<group>"; };
		DC98E16C29D0A50B0050877C /* HomeView.swift */ = {isa = PBXFileReference; lastKnownFileType = sourcecode.swift; path = HomeView.swift; sourceTree = "<group>"; };
		DC98E17029D0AB030050877C /* CircleButtonView.swift */ = {isa = PBXFileReference; lastKnownFileType = sourcecode.swift; path = CircleButtonView.swift; sourceTree = "<group>"; };
		DC98E17229D187B80050877C /* CircleButtonAnimation.swift */ = {isa = PBXFileReference; lastKnownFileType = sourcecode.swift; path = CircleButtonAnimation.swift; sourceTree = "<group>"; };
		DC98E17529D18D120050877C /* coin.json */ = {isa = PBXFileReference; fileEncoding = 4; lastKnownFileType = text.json; path = coin.json; sourceTree = "<group>"; };
		DC98E17A29D18E260050877C /* LottieView.swift */ = {isa = PBXFileReference; lastKnownFileType = sourcecode.swift; path = LottieView.swift; sourceTree = "<group>"; };
		DC98E17C29D2FA070050877C /* add.json */ = {isa = PBXFileReference; fileEncoding = 4; lastKnownFileType = text.json; path = add.json; sourceTree = "<group>"; };
		DC98E17E29D42EB60050877C /* Double.swift */ = {isa = PBXFileReference; lastKnownFileType = sourcecode.swift; path = Double.swift; sourceTree = "<group>"; };
		DC98E18029D5ADAF0050877C /* CoinRowView.swift */ = {isa = PBXFileReference; lastKnownFileType = sourcecode.swift; path = CoinRowView.swift; sourceTree = "<group>"; };
		DCC311FA29C6079C00E23278 /* Crypto.app */ = {isa = PBXFileReference; explicitFileType = wrapper.application; includeInIndex = 0; path = Crypto.app; sourceTree = BUILT_PRODUCTS_DIR; };
		DCC311FD29C6079C00E23278 /* CryptoApp.swift */ = {isa = PBXFileReference; lastKnownFileType = sourcecode.swift; path = CryptoApp.swift; sourceTree = "<group>"; };
		DCC3120129C6079F00E23278 /* Assets.xcassets */ = {isa = PBXFileReference; lastKnownFileType = folder.assetcatalog; path = Assets.xcassets; sourceTree = "<group>"; };
		DCC3120429C6079F00E23278 /* Preview Assets.xcassets */ = {isa = PBXFileReference; lastKnownFileType = folder.assetcatalog; path = "Preview Assets.xcassets"; sourceTree = "<group>"; };
		DCE8337A29DC855F00E7FB28 /* HomeViewModel.swift */ = {isa = PBXFileReference; lastKnownFileType = sourcecode.swift; path = HomeViewModel.swift; sourceTree = "<group>"; };
		DCE8337C29E4653700E7FB28 /* CoinImageView.swift */ = {isa = PBXFileReference; lastKnownFileType = sourcecode.swift; path = CoinImageView.swift; sourceTree = "<group>"; };
		DCE8337E29E4745B00E7FB28 /* CoinImageService.swift */ = {isa = PBXFileReference; lastKnownFileType = sourcecode.swift; path = CoinImageService.swift; sourceTree = "<group>"; };
		DCE8338029E676F700E7FB28 /* CoinImageViewModel.swift */ = {isa = PBXFileReference; lastKnownFileType = sourcecode.swift; path = CoinImageViewModel.swift; sourceTree = "<group>"; };
		DCE8338229FBA57A00E7FB28 /* dancing-burger.json */ = {isa = PBXFileReference; fileEncoding = 4; lastKnownFileType = text.json; path = "dancing-burger.json"; sourceTree = "<group>"; };
		DCE8338429FBB97C00E7FB28 /* StatisticCardView.swift */ = {isa = PBXFileReference; lastKnownFileType = sourcecode.swift; path = StatisticCardView.swift; sourceTree = "<group>"; };
		DCE833862A04E94F00E7FB28 /* WalletCardViewModel.swift */ = {isa = PBXFileReference; lastKnownFileType = sourcecode.swift; path = WalletCardViewModel.swift; sourceTree = "<group>"; };
		DCE833882A069E9800E7FB28 /* StatisticView.swift */ = {isa = PBXFileReference; lastKnownFileType = sourcecode.swift; path = StatisticView.swift; sourceTree = "<group>"; };
		DCE8338A2A069EE400E7FB28 /* StatisticModel.swift */ = {isa = PBXFileReference; lastKnownFileType = sourcecode.swift; path = StatisticModel.swift; sourceTree = "<group>"; };
		DCFD152C2A1B68AF0004661C /* card-slider.riv */ = {isa = PBXFileReference; lastKnownFileType = file; path = "card-slider.riv"; sourceTree = "<group>"; };
		DCFD152E2A1B6AB50004661C /* MarketDataService.swift */ = {isa = PBXFileReference; lastKnownFileType = sourcecode.swift; path = MarketDataService.swift; sourceTree = "<group>"; };
		DCFD15302A1B6B720004661C /* MarketDataModel.swift */ = {isa = PBXFileReference; lastKnownFileType = sourcecode.swift; path = MarketDataModel.swift; sourceTree = "<group>"; };
		DCFD15322A1CAC830004661C /* SearchBarView.swift */ = {isa = PBXFileReference; lastKnownFileType = sourcecode.swift; path = SearchBarView.swift; sourceTree = "<group>"; };
		DCFD15342A1FBF3B0004661C /* UIApplication.swift */ = {isa = PBXFileReference; lastKnownFileType = sourcecode.swift; path = UIApplication.swift; sourceTree = "<group>"; };
		DCFD15362A2261AB0004661C /* PortfolioView.swift */ = {isa = PBXFileReference; lastKnownFileType = sourcecode.swift; path = PortfolioView.swift; sourceTree = "<group>"; };
/* End PBXFileReference section */

/* Begin PBXFrameworksBuildPhase section */
		DCC311F729C6079C00E23278 /* Frameworks */ = {
			isa = PBXFrameworksBuildPhase;
			buildActionMask = 2147483647;
			files = (
				DC98E17929D18D620050877C /* Lottie in Frameworks */,
				DCFD15082A1780C40004661C /* RiveRuntime in Frameworks */,
			);
			runOnlyForDeploymentPostprocessing = 0;
		};
/* End PBXFrameworksBuildPhase section */

/* Begin PBXGroup section */
		DC98E13529C7480D0050877C /* Views */ = {
			isa = PBXGroup;
			children = (
				DC98E16F29D0A65D0050877C /* Components */,
				DC98E16E29D0A64B0050877C /* Core */,
			);
			path = Views;
			sourceTree = "<group>";
		};
		DC98E13829C748530050877C /* Models */ = {
			isa = PBXGroup;
			children = (
				DC98E13929C748830050877C /* CoinModel.swift */,
				DCE8338A2A069EE400E7FB28 /* StatisticModel.swift */,
				DCFD15302A1B6B720004661C /* MarketDataModel.swift */,
			);
			path = Models;
			sourceTree = "<group>";
		};
		DC98E13B29C7491C0050877C /* Extensions */ = {
			isa = PBXGroup;
			children = (
				DC98E13C29C7492E0050877C /* DeveloperPreview.swift */,
				DC98E16A29CF3A060050877C /* Color.swift */,
				DC98E17E29D42EB60050877C /* Double.swift */,
			);
			path = Extensions;
			sourceTree = "<group>";
		};
		DC98E13E29C83DC50050877C /* Services */ = {
			isa = PBXGroup;
			children = (
				DC98E16229CB53FC0050877C /* CoinDataService.swift */,
				DCE8337E29E4745B00E7FB28 /* CoinImageService.swift */,
				DCFD152E2A1B6AB50004661C /* MarketDataService.swift */,
			);
			path = Services;
			sourceTree = "<group>";
		};
		DC98E13F29C83DF00050877C /* Utilities */ = {
			isa = PBXGroup;
			children = (
				DCC3120129C6079F00E23278 /* Assets.xcassets */,
				DCC311FD29C6079C00E23278 /* CryptoApp.swift */,
				DC98E14029C83F530050877C /* NetworkingManager.swift */,
				DC98E16429CB54530050877C /* LocalFileManager.swift */,
				DCFD15342A1FBF3B0004661C /* UIApplication.swift */,
			);
			path = Utilities;
			sourceTree = "<group>";
		};
		DC98E16629CC541A0050877C /* View */ = {
			isa = PBXGroup;
			children = (
				DC98E13629C7482F0050877C /* CardView.swift */,
				DC98E16C29D0A50B0050877C /* HomeView.swift */,
				DC98E18029D5ADAF0050877C /* CoinRowView.swift */,
				DCE8338429FBB97C00E7FB28 /* StatisticCardView.swift */,
				DCE833882A069E9800E7FB28 /* StatisticView.swift */,
				DCFD15362A2261AB0004661C /* PortfolioView.swift */,
			);
			path = View;
			sourceTree = "<group>";
		};
		DC98E16729CC54230050877C /* ViewModel */ = {
			isa = PBXGroup;
			children = (
				DC98E16829CC543B0050877C /* CardViewModel.swift */,
				DCE8337A29DC855F00E7FB28 /* HomeViewModel.swift */,
				DCE833862A04E94F00E7FB28 /* WalletCardViewModel.swift */,
			);
			path = ViewModel;
			sourceTree = "<group>";
		};
		DC98E16E29D0A64B0050877C /* Core */ = {
			isa = PBXGroup;
			children = (
				DC98E16729CC54230050877C /* ViewModel */,
				DC98E16629CC541A0050877C /* View */,
			);
			path = Core;
			sourceTree = "<group>";
		};
		DC98E16F29D0A65D0050877C /* Components */ = {
			isa = PBXGroup;
			children = (
				DC98E17029D0AB030050877C /* CircleButtonView.swift */,
				DC98E17229D187B80050877C /* CircleButtonAnimation.swift */,
				DCE8337C29E4653700E7FB28 /* CoinImageView.swift */,
				DCE8338029E676F700E7FB28 /* CoinImageViewModel.swift */,
				DCFD15322A1CAC830004661C /* SearchBarView.swift */,
			);
			path = Components;
			sourceTree = "<group>";
		};
		DC98E17429D18CF70050877C /* Lotties */ = {
			isa = PBXGroup;
			children = (
				DCE8338229FBA57A00E7FB28 /* dancing-burger.json */,
				DC98E17C29D2FA070050877C /* add.json */,
				DC98E17529D18D120050877C /* coin.json */,
				DC98E17A29D18E260050877C /* LottieView.swift */,
			);
			path = Lotties;
			sourceTree = "<group>";
		};
		DCC311F129C6079C00E23278 = {
			isa = PBXGroup;
			children = (
				DCC311FC29C6079C00E23278 /* Crypto */,
				DCC311FB29C6079C00E23278 /* Products */,
			);
			sourceTree = "<group>";
		};
		DCC311FB29C6079C00E23278 /* Products */ = {
			isa = PBXGroup;
			children = (
				DCC311FA29C6079C00E23278 /* Crypto.app */,
			);
			name = Products;
			sourceTree = "<group>";
		};
		DCC311FC29C6079C00E23278 /* Crypto */ = {
			isa = PBXGroup;
			children = (
				DCFD15092A1780E50004661C /* Rive */,
				DC98E17429D18CF70050877C /* Lotties */,
				DC98E13F29C83DF00050877C /* Utilities */,
				DC98E13E29C83DC50050877C /* Services */,
				DC98E13B29C7491C0050877C /* Extensions */,
				DC98E13829C748530050877C /* Models */,
				DC98E13529C7480D0050877C /* Views */,
				DCC3120329C6079F00E23278 /* Preview Content */,
			);
			path = Crypto;
			sourceTree = "<group>";
		};
		DCC3120329C6079F00E23278 /* Preview Content */ = {
			isa = PBXGroup;
			children = (
				DCC3120429C6079F00E23278 /* Preview Assets.xcassets */,
			);
			path = "Preview Content";
			sourceTree = "<group>";
		};
		DCFD15092A1780E50004661C /* Rive */ = {
			isa = PBXGroup;
			children = (
				DCFD152C2A1B68AF0004661C /* card-slider.riv */,
			);
			path = Rive;
			sourceTree = "<group>";
		};
/* End PBXGroup section */

/* Begin PBXNativeTarget section */
		DCC311F929C6079C00E23278 /* Crypto */ = {
			isa = PBXNativeTarget;
			buildConfigurationList = DCC3120829C6079F00E23278 /* Build configuration list for PBXNativeTarget "Crypto" */;
			buildPhases = (
				DCC311F629C6079C00E23278 /* Sources */,
				DCC311F729C6079C00E23278 /* Frameworks */,
				DCC311F829C6079C00E23278 /* Resources */,
			);
			buildRules = (
			);
			dependencies = (
			);
			name = Crypto;
			packageProductDependencies = (
				DC98E17829D18D620050877C /* Lottie */,
				DCFD15072A1780C40004661C /* RiveRuntime */,
			);
			productName = Crypto;
			productReference = DCC311FA29C6079C00E23278 /* Crypto.app */;
			productType = "com.apple.product-type.application";
		};
/* End PBXNativeTarget section */

/* Begin PBXProject section */
		DCC311F229C6079C00E23278 /* Project object */ = {
			isa = PBXProject;
			attributes = {
				BuildIndependentTargetsInParallel = 1;
				LastSwiftUpdateCheck = 1420;
				LastUpgradeCheck = 1420;
				TargetAttributes = {
					DCC311F929C6079C00E23278 = {
						CreatedOnToolsVersion = 14.2;
					};
				};
			};
			buildConfigurationList = DCC311F529C6079C00E23278 /* Build configuration list for PBXProject "Crypto" */;
			compatibilityVersion = "Xcode 14.0";
			developmentRegion = en;
			hasScannedForEncodings = 0;
			knownRegions = (
				en,
				Base,
			);
			mainGroup = DCC311F129C6079C00E23278;
			packageReferences = (
				DC98E17729D18D620050877C /* XCRemoteSwiftPackageReference "lottie-ios" */,
				DCFD15062A1780C40004661C /* XCRemoteSwiftPackageReference "rive-ios" */,
			);
			productRefGroup = DCC311FB29C6079C00E23278 /* Products */;
			projectDirPath = "";
			projectRoot = "";
			targets = (
				DCC311F929C6079C00E23278 /* Crypto */,
			);
		};
/* End PBXProject section */

/* Begin PBXResourcesBuildPhase section */
		DCC311F829C6079C00E23278 /* Resources */ = {
			isa = PBXResourcesBuildPhase;
			buildActionMask = 2147483647;
			files = (
				DC98E17629D18D120050877C /* coin.json in Resources */,
				DC98E17D29D2FA070050877C /* add.json in Resources */,
				DCFD152D2A1B68AF0004661C /* card-slider.riv in Resources */,
				DCC3120529C6079F00E23278 /* Preview Assets.xcassets in Resources */,
				DCC3120229C6079F00E23278 /* Assets.xcassets in Resources */,
				DCE8338329FBA57A00E7FB28 /* dancing-burger.json in Resources */,
			);
			runOnlyForDeploymentPostprocessing = 0;
		};
/* End PBXResourcesBuildPhase section */

/* Begin PBXSourcesBuildPhase section */
		DCC311F629C6079C00E23278 /* Sources */ = {
			isa = PBXSourcesBuildPhase;
			buildActionMask = 2147483647;
			files = (
				DCFD15352A1FBF3B0004661C /* UIApplication.swift in Sources */,
				DC98E13D29C7492E0050877C /* DeveloperPreview.swift in Sources */,
				DC98E13A29C748830050877C /* CoinModel.swift in Sources */,
				DC98E16329CB53FC0050877C /* CoinDataService.swift in Sources */,
				DCE8337B29DC855F00E7FB28 /* HomeViewModel.swift in Sources */,
				DC98E16B29CF3A060050877C /* Color.swift in Sources */,
				DC98E16D29D0A50B0050877C /* HomeView.swift in Sources */,
				DC98E17129D0AB030050877C /* CircleButtonView.swift in Sources */,
				DC98E14129C83F530050877C /* NetworkingManager.swift in Sources */,
				DC98E18129D5ADAF0050877C /* CoinRowView.swift in Sources */,
				DCE833892A069E9800E7FB28 /* StatisticView.swift in Sources */,
				DC98E13729C7482F0050877C /* CardView.swift in Sources */,
				DC98E17329D187B80050877C /* CircleButtonAnimation.swift in Sources */,
				DCE8338B2A069EE400E7FB28 /* StatisticModel.swift in Sources */,
				DCC311FE29C6079C00E23278 /* CryptoApp.swift in Sources */,
				DCE8337D29E4653700E7FB28 /* CoinImageView.swift in Sources */,
				DC98E17B29D18E260050877C /* LottieView.swift in Sources */,
				DC98E16529CB54530050877C /* LocalFileManager.swift in Sources */,
				DCFD152F2A1B6AB50004661C /* MarketDataService.swift in Sources */,
				DC98E17F29D42EB60050877C /* Double.swift in Sources */,
				DCE8338129E676F700E7FB28 /* CoinImageViewModel.swift in Sources */,
				DCE8338529FBB97C00E7FB28 /* StatisticCardView.swift in Sources */,
				DCE8337F29E4745B00E7FB28 /* CoinImageService.swift in Sources */,
				DCFD15372A2261AB0004661C /* PortfolioView.swift in Sources */,
				DCFD15332A1CAC830004661C /* SearchBarView.swift in Sources */,
				DC98E16929CC543B0050877C /* CardViewModel.swift in Sources */,
				DCFD15312A1B6B720004661C /* MarketDataModel.swift in Sources */,
				DCE833872A04E94F00E7FB28 /* WalletCardViewModel.swift in Sources */,
			);
			runOnlyForDeploymentPostprocessing = 0;
		};
/* End PBXSourcesBuildPhase section */

/* Begin XCBuildConfiguration section */
		DCC3120629C6079F00E23278 /* Debug */ = {
			isa = XCBuildConfiguration;
			buildSettings = {
				ALWAYS_SEARCH_USER_PATHS = NO;
				CLANG_ANALYZER_NONNULL = YES;
				CLANG_ANALYZER_NUMBER_OBJECT_CONVERSION = YES_AGGRESSIVE;
				CLANG_CXX_LANGUAGE_STANDARD = "gnu++20";
				CLANG_ENABLE_MODULES = YES;
				CLANG_ENABLE_OBJC_ARC = YES;
				CLANG_ENABLE_OBJC_WEAK = YES;
				CLANG_WARN_BLOCK_CAPTURE_AUTORELEASING = YES;
				CLANG_WARN_BOOL_CONVERSION = YES;
				CLANG_WARN_COMMA = YES;
				CLANG_WARN_CONSTANT_CONVERSION = YES;
				CLANG_WARN_DEPRECATED_OBJC_IMPLEMENTATIONS = YES;
				CLANG_WARN_DIRECT_OBJC_ISA_USAGE = YES_ERROR;
				CLANG_WARN_DOCUMENTATION_COMMENTS = YES;
				CLANG_WARN_EMPTY_BODY = YES;
				CLANG_WARN_ENUM_CONVERSION = YES;
				CLANG_WARN_INFINITE_RECURSION = YES;
				CLANG_WARN_INT_CONVERSION = YES;
				CLANG_WARN_NON_LITERAL_NULL_CONVERSION = YES;
				CLANG_WARN_OBJC_IMPLICIT_RETAIN_SELF = YES;
				CLANG_WARN_OBJC_LITERAL_CONVERSION = YES;
				CLANG_WARN_OBJC_ROOT_CLASS = YES_ERROR;
				CLANG_WARN_QUOTED_INCLUDE_IN_FRAMEWORK_HEADER = YES;
				CLANG_WARN_RANGE_LOOP_ANALYSIS = YES;
				CLANG_WARN_STRICT_PROTOTYPES = YES;
				CLANG_WARN_SUSPICIOUS_MOVE = YES;
				CLANG_WARN_UNGUARDED_AVAILABILITY = YES_AGGRESSIVE;
				CLANG_WARN_UNREACHABLE_CODE = YES;
				CLANG_WARN__DUPLICATE_METHOD_MATCH = YES;
				COPY_PHASE_STRIP = NO;
				DEBUG_INFORMATION_FORMAT = dwarf;
				ENABLE_STRICT_OBJC_MSGSEND = YES;
				ENABLE_TESTABILITY = YES;
				GCC_C_LANGUAGE_STANDARD = gnu11;
				GCC_DYNAMIC_NO_PIC = NO;
				GCC_NO_COMMON_BLOCKS = YES;
				GCC_OPTIMIZATION_LEVEL = 0;
				GCC_PREPROCESSOR_DEFINITIONS = (
					"DEBUG=1",
					"$(inherited)",
				);
				GCC_WARN_64_TO_32_BIT_CONVERSION = YES;
				GCC_WARN_ABOUT_RETURN_TYPE = YES_ERROR;
				GCC_WARN_UNDECLARED_SELECTOR = YES;
				GCC_WARN_UNINITIALIZED_AUTOS = YES_AGGRESSIVE;
				GCC_WARN_UNUSED_FUNCTION = YES;
				GCC_WARN_UNUSED_VARIABLE = YES;
				IPHONEOS_DEPLOYMENT_TARGET = 16.2;
				MTL_ENABLE_DEBUG_INFO = INCLUDE_SOURCE;
				MTL_FAST_MATH = YES;
				ONLY_ACTIVE_ARCH = YES;
				SDKROOT = iphoneos;
				SWIFT_ACTIVE_COMPILATION_CONDITIONS = DEBUG;
				SWIFT_OPTIMIZATION_LEVEL = "-Onone";
			};
			name = Debug;
		};
		DCC3120729C6079F00E23278 /* Release */ = {
			isa = XCBuildConfiguration;
			buildSettings = {
				ALWAYS_SEARCH_USER_PATHS = NO;
				CLANG_ANALYZER_NONNULL = YES;
				CLANG_ANALYZER_NUMBER_OBJECT_CONVERSION = YES_AGGRESSIVE;
				CLANG_CXX_LANGUAGE_STANDARD = "gnu++20";
				CLANG_ENABLE_MODULES = YES;
				CLANG_ENABLE_OBJC_ARC = YES;
				CLANG_ENABLE_OBJC_WEAK = YES;
				CLANG_WARN_BLOCK_CAPTURE_AUTORELEASING = YES;
				CLANG_WARN_BOOL_CONVERSION = YES;
				CLANG_WARN_COMMA = YES;
				CLANG_WARN_CONSTANT_CONVERSION = YES;
				CLANG_WARN_DEPRECATED_OBJC_IMPLEMENTATIONS = YES;
				CLANG_WARN_DIRECT_OBJC_ISA_USAGE = YES_ERROR;
				CLANG_WARN_DOCUMENTATION_COMMENTS = YES;
				CLANG_WARN_EMPTY_BODY = YES;
				CLANG_WARN_ENUM_CONVERSION = YES;
				CLANG_WARN_INFINITE_RECURSION = YES;
				CLANG_WARN_INT_CONVERSION = YES;
				CLANG_WARN_NON_LITERAL_NULL_CONVERSION = YES;
				CLANG_WARN_OBJC_IMPLICIT_RETAIN_SELF = YES;
				CLANG_WARN_OBJC_LITERAL_CONVERSION = YES;
				CLANG_WARN_OBJC_ROOT_CLASS = YES_ERROR;
				CLANG_WARN_QUOTED_INCLUDE_IN_FRAMEWORK_HEADER = YES;
				CLANG_WARN_RANGE_LOOP_ANALYSIS = YES;
				CLANG_WARN_STRICT_PROTOTYPES = YES;
				CLANG_WARN_SUSPICIOUS_MOVE = YES;
				CLANG_WARN_UNGUARDED_AVAILABILITY = YES_AGGRESSIVE;
				CLANG_WARN_UNREACHABLE_CODE = YES;
				CLANG_WARN__DUPLICATE_METHOD_MATCH = YES;
				COPY_PHASE_STRIP = NO;
				DEBUG_INFORMATION_FORMAT = "dwarf-with-dsym";
				ENABLE_NS_ASSERTIONS = NO;
				ENABLE_STRICT_OBJC_MSGSEND = YES;
				GCC_C_LANGUAGE_STANDARD = gnu11;
				GCC_NO_COMMON_BLOCKS = YES;
				GCC_WARN_64_TO_32_BIT_CONVERSION = YES;
				GCC_WARN_ABOUT_RETURN_TYPE = YES_ERROR;
				GCC_WARN_UNDECLARED_SELECTOR = YES;
				GCC_WARN_UNINITIALIZED_AUTOS = YES_AGGRESSIVE;
				GCC_WARN_UNUSED_FUNCTION = YES;
				GCC_WARN_UNUSED_VARIABLE = YES;
				IPHONEOS_DEPLOYMENT_TARGET = 16.2;
				MTL_ENABLE_DEBUG_INFO = NO;
				MTL_FAST_MATH = YES;
				SDKROOT = iphoneos;
				SWIFT_COMPILATION_MODE = wholemodule;
				SWIFT_OPTIMIZATION_LEVEL = "-O";
				VALIDATE_PRODUCT = YES;
			};
			name = Release;
		};
		DCC3120929C6079F00E23278 /* Debug */ = {
			isa = XCBuildConfiguration;
			buildSettings = {
				ASSETCATALOG_COMPILER_APPICON_NAME = AppIcon;
				ASSETCATALOG_COMPILER_GLOBAL_ACCENT_COLOR_NAME = AccentColor;
				CODE_SIGN_STYLE = Automatic;
				CURRENT_PROJECT_VERSION = 1;
				DEVELOPMENT_ASSET_PATHS = "\"Crypto/Preview Content\"";
				DEVELOPMENT_TEAM = 9786TSAYF2;
				ENABLE_PREVIEWS = YES;
				GENERATE_INFOPLIST_FILE = YES;
				INFOPLIST_KEY_UIApplicationSceneManifest_Generation = YES;
				INFOPLIST_KEY_UIApplicationSupportsIndirectInputEvents = YES;
				INFOPLIST_KEY_UILaunchScreen_Generation = YES;
				INFOPLIST_KEY_UISupportedInterfaceOrientations_iPad = "UIInterfaceOrientationPortrait UIInterfaceOrientationPortraitUpsideDown UIInterfaceOrientationLandscapeLeft UIInterfaceOrientationLandscapeRight";
				INFOPLIST_KEY_UISupportedInterfaceOrientations_iPhone = "UIInterfaceOrientationPortrait UIInterfaceOrientationLandscapeLeft UIInterfaceOrientationLandscapeRight";
				LD_RUNPATH_SEARCH_PATHS = (
					"$(inherited)",
					"@executable_path/Frameworks",
				);
				MARKETING_VERSION = 1.0;
				PRODUCT_BUNDLE_IDENTIFIER = Kamonpan.Crypto;
				PRODUCT_NAME = "$(TARGET_NAME)";
				SWIFT_EMIT_LOC_STRINGS = YES;
				SWIFT_VERSION = 5.0;
				TARGETED_DEVICE_FAMILY = "1,2";
			};
			name = Debug;
		};
		DCC3120A29C6079F00E23278 /* Release */ = {
			isa = XCBuildConfiguration;
			buildSettings = {
				ASSETCATALOG_COMPILER_APPICON_NAME = AppIcon;
				ASSETCATALOG_COMPILER_GLOBAL_ACCENT_COLOR_NAME = AccentColor;
				CODE_SIGN_STYLE = Automatic;
				CURRENT_PROJECT_VERSION = 1;
				DEVELOPMENT_ASSET_PATHS = "\"Crypto/Preview Content\"";
				DEVELOPMENT_TEAM = 9786TSAYF2;
				ENABLE_PREVIEWS = YES;
				GENERATE_INFOPLIST_FILE = YES;
				INFOPLIST_KEY_UIApplicationSceneManifest_Generation = YES;
				INFOPLIST_KEY_UIApplicationSupportsIndirectInputEvents = YES;
				INFOPLIST_KEY_UILaunchScreen_Generation = YES;
				INFOPLIST_KEY_UISupportedInterfaceOrientations_iPad = "UIInterfaceOrientationPortrait UIInterfaceOrientationPortraitUpsideDown UIInterfaceOrientationLandscapeLeft UIInterfaceOrientationLandscapeRight";
				INFOPLIST_KEY_UISupportedInterfaceOrientations_iPhone = "UIInterfaceOrientationPortrait UIInterfaceOrientationLandscapeLeft UIInterfaceOrientationLandscapeRight";
				LD_RUNPATH_SEARCH_PATHS = (
					"$(inherited)",
					"@executable_path/Frameworks",
				);
				MARKETING_VERSION = 1.0;
				PRODUCT_BUNDLE_IDENTIFIER = Kamonpan.Crypto;
				PRODUCT_NAME = "$(TARGET_NAME)";
				SWIFT_EMIT_LOC_STRINGS = YES;
				SWIFT_VERSION = 5.0;
				TARGETED_DEVICE_FAMILY = "1,2";
			};
			name = Release;
		};
/* End XCBuildConfiguration section */

/* Begin XCConfigurationList section */
		DCC311F529C6079C00E23278 /* Build configuration list for PBXProject "Crypto" */ = {
			isa = XCConfigurationList;
			buildConfigurations = (
				DCC3120629C6079F00E23278 /* Debug */,
				DCC3120729C6079F00E23278 /* Release */,
			);
			defaultConfigurationIsVisible = 0;
			defaultConfigurationName = Release;
		};
		DCC3120829C6079F00E23278 /* Build configuration list for PBXNativeTarget "Crypto" */ = {
			isa = XCConfigurationList;
			buildConfigurations = (
				DCC3120929C6079F00E23278 /* Debug */,
				DCC3120A29C6079F00E23278 /* Release */,
			);
			defaultConfigurationIsVisible = 0;
			defaultConfigurationName = Release;
		};
/* End XCConfigurationList section */

/* Begin XCRemoteSwiftPackageReference section */
		DC98E17729D18D620050877C /* XCRemoteSwiftPackageReference "lottie-ios" */ = {
			isa = XCRemoteSwiftPackageReference;
			repositoryURL = "https://github.com/airbnb/lottie-ios.git";
			requirement = {
				branch = master;
				kind = branch;
			};
		};
		DCFD15062A1780C40004661C /* XCRemoteSwiftPackageReference "rive-ios" */ = {
			isa = XCRemoteSwiftPackageReference;
			repositoryURL = "https://github.com/rive-app/rive-ios.git";
			requirement = {
				kind = upToNextMajorVersion;
				minimumVersion = 3.0.0;
			};
		};
/* End XCRemoteSwiftPackageReference section */

/* Begin XCSwiftPackageProductDependency section */
		DC98E17829D18D620050877C /* Lottie */ = {
			isa = XCSwiftPackageProductDependency;
			package = DC98E17729D18D620050877C /* XCRemoteSwiftPackageReference "lottie-ios" */;
			productName = Lottie;
		};
		DCFD15072A1780C40004661C /* RiveRuntime */ = {
			isa = XCSwiftPackageProductDependency;
			package = DCFD15062A1780C40004661C /* XCRemoteSwiftPackageReference "rive-ios" */;
			productName = RiveRuntime;
		};
/* End XCSwiftPackageProductDependency section */
	};
	rootObject = DCC311F229C6079C00E23278 /* Project object */;
}
